
Microsoft Visual Studio Solution File, Format Version 12.00
# Visual Studio 15
VisualStudioVersion = 15.0.28010.2036
MinimumVisualStudioVersion = 10.0.40219.1
Project("{FAE04EC0-301F-11D3-BF4B-00C04F79EFBC}") = "Tanks Kinda Game", "Tanks Kinda Game\Tanks Kinda Game.csproj", "{772253B5-280D-46E8-9512-6391DBEFBD80}"
EndProject
Global
	GlobalSection(SolutionConfigurationPlatforms) = preSolution
		Debug|x86 = Debug|x86
		Release|x86 = Release|x86
	EndGlobalSection
	GlobalSection(ProjectConfigurationPlatforms) = postSolution
		{772253B5-280D-46E8-9512-6391DBEFBD80}.Debug|x86.ActiveCfg = Debug|x86
		{772253B5-280D-46E8-9512-6391DBEFBD80}.Debug|x86.Build.0 = Debug|x86
		{772253B5-280D-46E8-9512-6391DBEFBD80}.Release|x86.ActiveCfg = Release|x86
		{772253B5-280D-46E8-9512-6391DBEFBD80}.Release|x86.Build.0 = Release|x86
	EndGlobalSection
	GlobalSection(SolutionProperties) = preSolution
		HideSolutionNode = FALSE
	EndGlobalSection
	GlobalSection(ExtensibilityGlobals) = postSolution
		SolutionGuid = {607A84AF-A1F0-4C21-A1A7-034A7597B5BE}
	EndGlobalSection
EndGlobal
